
Microsoft Visual Studio Solution File, Format Version 12.00
# Visual Studio 15
VisualStudioVersion = 15.0.28010.2046
MinimumVisualStudioVersion = 10.0.40219.1
Project("{FAE04EC0-301F-11D3-BF4B-00C04F79EFBC}") = "PESALEXMapper.Helper", "PESALEXMapper.Helper\PESALEXMapper.Helper.csproj", "{C2704980-C2E5-4D99-B240-967A2E55615D}"
EndProject
Project("{FAE04EC0-301F-11D3-BF4B-00C04F79EFBC}") = "PESALEXMapper.Helper.Tests", "PESALEXMapper.Helper.Tests\PESALEXMapper.Helper.Tests.csproj", "{32FF4D4B-B88A-40BD-B099-D7ACD8AAD09A}"
EndProject
Global
	GlobalSection(SolutionConfigurationPlatforms) = preSolution
		Debug|Any CPU = Debug|Any CPU
		Release|Any CPU = Release|Any CPU
	EndGlobalSection
	GlobalSection(ProjectConfigurationPlatforms) = postSolution
		{C2704980-C2E5-4D99-B240-967A2E55615D}.Debug|Any CPU.ActiveCfg = Debug|Any CPU
		{C2704980-C2E5-4D99-B240-967A2E55615D}.Debug|Any CPU.Build.0 = Debug|Any CPU
		{C2704980-C2E5-4D99-B240-967A2E55615D}.Release|Any CPU.ActiveCfg = Release|Any CPU
		{C2704980-C2E5-4D99-B240-967A2E55615D}.Release|Any CPU.Build.0 = Release|Any CPU
		{32FF4D4B-B88A-40BD-B099-D7ACD8AAD09A}.Debug|Any CPU.ActiveCfg = Debug|Any CPU
		{32FF4D4B-B88A-40BD-B099-D7ACD8AAD09A}.Debug|Any CPU.Build.0 = Debug|Any CPU
		{32FF4D4B-B88A-40BD-B099-D7ACD8AAD09A}.Release|Any CPU.ActiveCfg = Release|Any CPU
		{32FF4D4B-B88A-40BD-B099-D7ACD8AAD09A}.Release|Any CPU.Build.0 = Release|Any CPU
	EndGlobalSection
	GlobalSection(SolutionProperties) = preSolution
		HideSolutionNode = FALSE
	EndGlobalSection
	GlobalSection(ExtensibilityGlobals) = postSolution
		SolutionGuid = {D2E27017-10ED-456E-911E-C99DA034ACB7}
	EndGlobalSection
EndGlobal
